# This file was autogenerated by Stack.
# You should not edit this file by hand.
# For more information, please see the documentation at:
#   https://docs.haskellstack.org/en/stable/lock_files

packages:
- completed:
    name: fortran-src-repr
    version: 0.0.0
    git: https://github.com/camfort/fortran-src-repr
    pantry-tree:
      size: 2954
      sha256: 5a9d8af59c4adc62d2f0436bbde8d3d03eb422e1a2429c86a97920eca369f70a
    commit: 09ca1881b0c7e8f3933046f70441d4092eee96f1
  original:
    git: https://github.com/camfort/fortran-src-repr
    commit: 09ca1881b0c7e8f3933046f70441d4092eee96f1
snapshots:
- completed:
    size: 614841
    url: https://raw.githubusercontent.com/commercialhaskell/stackage-snapshots/master/nightly/2022/7/4.yaml
    sha256: 2d44a08a35e492f0d547eddf9007f4e4a71614101bb0f3dfca90a8b9eea0bc72
  original: nightly-2022-07-04
